
Microsoft Visual Studio Solution File, Format Version 12.00
# Visual Studio 15
VisualStudioVersion = 15.0.26124.0
MinimumVisualStudioVersion = 15.0.26124.0
Project("{FAE04EC0-301F-11D3-BF4B-00C04F79EFBC}") = "HashSetSource", "HashSetSource\HashSetSource.csproj", "{6A58F2E4-3D06-4B3F-8DA7-57A56AA8A67C}"
EndProject
Project("{FAE04EC0-301F-11D3-BF4B-00C04F79EFBC}") = "LinkedListSource", "LinkedListSource\LinkedListSource.csproj", "{710A212A-39AD-466A-9F75-7190E4756908}"
EndProject
Project("{FAE04EC0-301F-11D3-BF4B-00C04F79EFBC}") = "UniqueListSource", "UniqueListSource\UniqueListSource.csproj", "{CBF9FEDD-54CB-4C28-93B1-4E0B5FA44F31}"
EndProject
Project("{FAE04EC0-301F-11D3-BF4B-00C04F79EFBC}") = "Tests", "Tests\Tests.csproj", "{47B04DD4-6F96-4A8E-8C9D-8E44BEB35354}"
EndProject
Global
	GlobalSection(SolutionConfigurationPlatforms) = preSolution
		Debug|Any CPU = Debug|Any CPU
		Debug|x64 = Debug|x64
		Debug|x86 = Debug|x86
		Release|Any CPU = Release|Any CPU
		Release|x64 = Release|x64
		Release|x86 = Release|x86
	EndGlobalSection
	GlobalSection(SolutionProperties) = preSolution
		HideSolutionNode = FALSE
	EndGlobalSection
	GlobalSection(ProjectConfigurationPlatforms) = postSolution
		{6A58F2E4-3D06-4B3F-8DA7-57A56AA8A67C}.Debug|Any CPU.ActiveCfg = Debug|Any CPU
		{6A58F2E4-3D06-4B3F-8DA7-57A56AA8A67C}.Debug|Any CPU.Build.0 = Debug|Any CPU
		{6A58F2E4-3D06-4B3F-8DA7-57A56AA8A67C}.Debug|x64.ActiveCfg = Debug|x64
		{6A58F2E4-3D06-4B3F-8DA7-57A56AA8A67C}.Debug|x64.Build.0 = Debug|x64
		{6A58F2E4-3D06-4B3F-8DA7-57A56AA8A67C}.Debug|x86.ActiveCfg = Debug|x86
		{6A58F2E4-3D06-4B3F-8DA7-57A56AA8A67C}.Debug|x86.Build.0 = Debug|x86
		{6A58F2E4-3D06-4B3F-8DA7-57A56AA8A67C}.Release|Any CPU.ActiveCfg = Release|Any CPU
		{6A58F2E4-3D06-4B3F-8DA7-57A56AA8A67C}.Release|Any CPU.Build.0 = Release|Any CPU
		{6A58F2E4-3D06-4B3F-8DA7-57A56AA8A67C}.Release|x64.ActiveCfg = Release|x64
		{6A58F2E4-3D06-4B3F-8DA7-57A56AA8A67C}.Release|x64.Build.0 = Release|x64
		{6A58F2E4-3D06-4B3F-8DA7-57A56AA8A67C}.Release|x86.ActiveCfg = Release|x86
		{6A58F2E4-3D06-4B3F-8DA7-57A56AA8A67C}.Release|x86.Build.0 = Release|x86
		{710A212A-39AD-466A-9F75-7190E4756908}.Debug|Any CPU.ActiveCfg = Debug|Any CPU
		{710A212A-39AD-466A-9F75-7190E4756908}.Debug|Any CPU.Build.0 = Debug|Any CPU
		{710A212A-39AD-466A-9F75-7190E4756908}.Debug|x64.ActiveCfg = Debug|x64
		{710A212A-39AD-466A-9F75-7190E4756908}.Debug|x64.Build.0 = Debug|x64
		{710A212A-39AD-466A-9F75-7190E4756908}.Debug|x86.ActiveCfg = Debug|x86
		{710A212A-39AD-466A-9F75-7190E4756908}.Debug|x86.Build.0 = Debug|x86
		{710A212A-39AD-466A-9F75-7190E4756908}.Release|Any CPU.ActiveCfg = Release|Any CPU
		{710A212A-39AD-466A-9F75-7190E4756908}.Release|Any CPU.Build.0 = Release|Any CPU
		{710A212A-39AD-466A-9F75-7190E4756908}.Release|x64.ActiveCfg = Release|x64
		{710A212A-39AD-466A-9F75-7190E4756908}.Release|x64.Build.0 = Release|x64
		{710A212A-39AD-466A-9F75-7190E4756908}.Release|x86.ActiveCfg = Release|x86
		{710A212A-39AD-466A-9F75-7190E4756908}.Release|x86.Build.0 = Release|x86
		{CBF9FEDD-54CB-4C28-93B1-4E0B5FA44F31}.Debug|Any CPU.ActiveCfg = Debug|Any CPU
		{CBF9FEDD-54CB-4C28-93B1-4E0B5FA44F31}.Debug|Any CPU.Build.0 = Debug|Any CPU
		{CBF9FEDD-54CB-4C28-93B1-4E0B5FA44F31}.Debug|x64.ActiveCfg = Debug|x64
		{CBF9FEDD-54CB-4C28-93B1-4E0B5FA44F31}.Debug|x64.Build.0 = Debug|x64
		{CBF9FEDD-54CB-4C28-93B1-4E0B5FA44F31}.Debug|x86.ActiveCfg = Debug|x86
		{CBF9FEDD-54CB-4C28-93B1-4E0B5FA44F31}.Debug|x86.Build.0 = Debug|x86
		{CBF9FEDD-54CB-4C28-93B1-4E0B5FA44F31}.Release|Any CPU.ActiveCfg = Release|Any CPU
		{CBF9FEDD-54CB-4C28-93B1-4E0B5FA44F31}.Release|Any CPU.Build.0 = Release|Any CPU
		{CBF9FEDD-54CB-4C28-93B1-4E0B5FA44F31}.Release|x64.ActiveCfg = Release|x64
		{CBF9FEDD-54CB-4C28-93B1-4E0B5FA44F31}.Release|x64.Build.0 = Release|x64
		{CBF9FEDD-54CB-4C28-93B1-4E0B5FA44F31}.Release|x86.ActiveCfg = Release|x86
		{CBF9FEDD-54CB-4C28-93B1-4E0B5FA44F31}.Release|x86.Build.0 = Release|x86
		{47B04DD4-6F96-4A8E-8C9D-8E44BEB35354}.Debug|Any CPU.ActiveCfg = Debug|Any CPU
		{47B04DD4-6F96-4A8E-8C9D-8E44BEB35354}.Debug|Any CPU.Build.0 = Debug|Any CPU
		{47B04DD4-6F96-4A8E-8C9D-8E44BEB35354}.Debug|x64.ActiveCfg = Debug|x64
		{47B04DD4-6F96-4A8E-8C9D-8E44BEB35354}.Debug|x64.Build.0 = Debug|x64
		{47B04DD4-6F96-4A8E-8C9D-8E44BEB35354}.Debug|x86.ActiveCfg = Debug|x86
		{47B04DD4-6F96-4A8E-8C9D-8E44BEB35354}.Debug|x86.Build.0 = Debug|x86
		{47B04DD4-6F96-4A8E-8C9D-8E44BEB35354}.Release|Any CPU.ActiveCfg = Release|Any CPU
		{47B04DD4-6F96-4A8E-8C9D-8E44BEB35354}.Release|Any CPU.Build.0 = Release|Any CPU
		{47B04DD4-6F96-4A8E-8C9D-8E44BEB35354}.Release|x64.ActiveCfg = Release|x64
		{47B04DD4-6F96-4A8E-8C9D-8E44BEB35354}.Release|x64.Build.0 = Release|x64
		{47B04DD4-6F96-4A8E-8C9D-8E44BEB35354}.Release|x86.ActiveCfg = Release|x86
		{47B04DD4-6F96-4A8E-8C9D-8E44BEB35354}.Release|x86.Build.0 = Release|x86
	EndGlobalSection
EndGlobal
