
Microsoft Visual Studio Solution File, Format Version 12.00
# Visual Studio 15
VisualStudioVersion = 15.0.26124.0
MinimumVisualStudioVersion = 15.0.26124.0
Project("{FAE04EC0-301F-11D3-BF4B-00C04F79EFBC}") = "QueueSource", "QueueSource\QueueSource.csproj", "{87517252-54E5-4BD1-89D3-A0F0D2D3D728}"
EndProject
Project("{FAE04EC0-301F-11D3-BF4B-00C04F79EFBC}") = "Tests", "Tests\Tests.csproj", "{D560BFF9-0BB5-4FDC-8098-93CEABEA7E80}"
EndProject
Global
	GlobalSection(SolutionConfigurationPlatforms) = preSolution
		Debug|Any CPU = Debug|Any CPU
		Debug|x64 = Debug|x64
		Debug|x86 = Debug|x86
		Release|Any CPU = Release|Any CPU
		Release|x64 = Release|x64
		Release|x86 = Release|x86
	EndGlobalSection
	GlobalSection(SolutionProperties) = preSolution
		HideSolutionNode = FALSE
	EndGlobalSection
	GlobalSection(ProjectConfigurationPlatforms) = postSolution
		{87517252-54E5-4BD1-89D3-A0F0D2D3D728}.Debug|Any CPU.ActiveCfg = Debug|Any CPU
		{87517252-54E5-4BD1-89D3-A0F0D2D3D728}.Debug|Any CPU.Build.0 = Debug|Any CPU
		{87517252-54E5-4BD1-89D3-A0F0D2D3D728}.Debug|x64.ActiveCfg = Debug|x64
		{87517252-54E5-4BD1-89D3-A0F0D2D3D728}.Debug|x64.Build.0 = Debug|x64
		{87517252-54E5-4BD1-89D3-A0F0D2D3D728}.Debug|x86.ActiveCfg = Debug|x86
		{87517252-54E5-4BD1-89D3-A0F0D2D3D728}.Debug|x86.Build.0 = Debug|x86
		{87517252-54E5-4BD1-89D3-A0F0D2D3D728}.Release|Any CPU.ActiveCfg = Release|Any CPU
		{87517252-54E5-4BD1-89D3-A0F0D2D3D728}.Release|Any CPU.Build.0 = Release|Any CPU
		{87517252-54E5-4BD1-89D3-A0F0D2D3D728}.Release|x64.ActiveCfg = Release|x64
		{87517252-54E5-4BD1-89D3-A0F0D2D3D728}.Release|x64.Build.0 = Release|x64
		{87517252-54E5-4BD1-89D3-A0F0D2D3D728}.Release|x86.ActiveCfg = Release|x86
		{87517252-54E5-4BD1-89D3-A0F0D2D3D728}.Release|x86.Build.0 = Release|x86
		{D560BFF9-0BB5-4FDC-8098-93CEABEA7E80}.Debug|Any CPU.ActiveCfg = Debug|Any CPU
		{D560BFF9-0BB5-4FDC-8098-93CEABEA7E80}.Debug|Any CPU.Build.0 = Debug|Any CPU
		{D560BFF9-0BB5-4FDC-8098-93CEABEA7E80}.Debug|x64.ActiveCfg = Debug|x64
		{D560BFF9-0BB5-4FDC-8098-93CEABEA7E80}.Debug|x64.Build.0 = Debug|x64
		{D560BFF9-0BB5-4FDC-8098-93CEABEA7E80}.Debug|x86.ActiveCfg = Debug|x86
		{D560BFF9-0BB5-4FDC-8098-93CEABEA7E80}.Debug|x86.Build.0 = Debug|x86
		{D560BFF9-0BB5-4FDC-8098-93CEABEA7E80}.Release|Any CPU.ActiveCfg = Release|Any CPU
		{D560BFF9-0BB5-4FDC-8098-93CEABEA7E80}.Release|Any CPU.Build.0 = Release|Any CPU
		{D560BFF9-0BB5-4FDC-8098-93CEABEA7E80}.Release|x64.ActiveCfg = Release|x64
		{D560BFF9-0BB5-4FDC-8098-93CEABEA7E80}.Release|x64.Build.0 = Release|x64
		{D560BFF9-0BB5-4FDC-8098-93CEABEA7E80}.Release|x86.ActiveCfg = Release|x86
		{D560BFF9-0BB5-4FDC-8098-93CEABEA7E80}.Release|x86.Build.0 = Release|x86
	EndGlobalSection
EndGlobal
